// !$*UTF8*$!
{
	archiveVersion = 1;
	classes = {
	};
	objectVersion = 50;
	objects = {

/* Begin PBXBuildFile section */
		6329E6322416D11E00637A3A /* MainMenu.swift in Sources */ = {isa = PBXBuildFile; fileRef = 6329E6312416D11E00637A3A /* MainMenu.swift */; };
		6378C42824167FA000470367 /* AppDelegate.swift in Sources */ = {isa = PBXBuildFile; fileRef = 6378C42724167FA000470367 /* AppDelegate.swift */; };
		6378C42A24167FA000470367 /* SceneDelegate.swift in Sources */ = {isa = PBXBuildFile; fileRef = 6378C42924167FA000470367 /* SceneDelegate.swift */; };
		6378C42C24167FA000470367 /* ViewController.swift in Sources */ = {isa = PBXBuildFile; fileRef = 6378C42B24167FA000470367 /* ViewController.swift */; };
		6378C42F24167FA000470367 /* Main.storyboard in Resources */ = {isa = PBXBuildFile; fileRef = 6378C42D24167FA000470367 /* Main.storyboard */; settings = {ASSET_TAGS = (101, ); }; };
		6378C43124167FA200470367 /* Assets.xcassets in Resources */ = {isa = PBXBuildFile; fileRef = 6378C43024167FA200470367 /* Assets.xcassets */; };
		6378C43424167FA200470367 /* LaunchScreen.storyboard in Resources */ = {isa = PBXBuildFile; fileRef = 6378C43224167FA200470367 /* LaunchScreen.storyboard */; };
		6378C4402416819900470367 /* ClassDef.swift in Sources */ = {isa = PBXBuildFile; fileRef = 6378C43F2416819900470367 /* ClassDef.swift */; };
		6390D85D241AB52800A4BA2E /* DetailViewController.swift in Sources */ = {isa = PBXBuildFile; fileRef = 6390D85C241AB52800A4BA2E /* DetailViewController.swift */; };
		6390D85F241AF99500A4BA2E /* img1.jpg in Resources */ = {isa = PBXBuildFile; fileRef = 6390D85E241AF99500A4BA2E /* img1.jpg */; };
		6390D861241AFAC000A4BA2E /* img2.jpg in Resources */ = {isa = PBXBuildFile; fileRef = 6390D860241AFAC000A4BA2E /* img2.jpg */; };
		6390D863241AFAC700A4BA2E /* img3.jpg in Resources */ = {isa = PBXBuildFile; fileRef = 6390D862241AFAC700A4BA2E /* img3.jpg */; };
		6390D865241B0E3F00A4BA2E /* img4.jpg in Resources */ = {isa = PBXBuildFile; fileRef = 6390D864241B0E3F00A4BA2E /* img4.jpg */; };
		639C017A2440FDCF00C867E0 /* TabBarController.swift in Sources */ = {isa = PBXBuildFile; fileRef = 639C01792440FDCF00C867E0 /* TabBarController.swift */; };
		63C779372419D40700D331F7 /* EventCell.swift in Sources */ = {isa = PBXBuildFile; fileRef = 63C779362419D40700D331F7 /* EventCell.swift */; };
		63C7793D2419DA1D00D331F7 /* TableViewController.swift in Sources */ = {isa = PBXBuildFile; fileRef = 63C7793C2419DA1D00D331F7 /* TableViewController.swift */; };
		63F0492B2418096F00712B85 /* Utility.swift in Sources */ = {isa = PBXBuildFile; fileRef = 63F0492A2418096F00712B85 /* Utility.swift */; };
		63F0492D24180CFE00712B85 /* Registration.swift in Sources */ = {isa = PBXBuildFile; fileRef = 63F0492C24180CFE00712B85 /* Registration.swift */; };
		B51C0C742441403600EE6F6E /* EditViewController.swift in Sources */ = {isa = PBXBuildFile; fileRef = B51C0C732441403600EE6F6E /* EditViewController.swift */; };
		B5D84998243FED4100C7C921 /* CreateViewController.swift in Sources */ = {isa = PBXBuildFile; fileRef = B5D84997243FED4100C7C921 /* CreateViewController.swift */; };
/* End PBXBuildFile section */

/* Begin PBXFileReference section */
		6329E6312416D11E00637A3A /* MainMenu.swift */ = {isa = PBXFileReference; lastKnownFileType = sourcecode.swift; path = MainMenu.swift; sourceTree = "<group>"; };
		6378C42424167FA000470367 /* KidsDate.app */ = {isa = PBXFileReference; explicitFileType = wrapper.application; includeInIndex = 0; path = KidsDate.app; sourceTree = BUILT_PRODUCTS_DIR; };
		6378C42724167FA000470367 /* AppDelegate.swift */ = {isa = PBXFileReference; lastKnownFileType = sourcecode.swift; path = AppDelegate.swift; sourceTree = "<group>"; };
		6378C42924167FA000470367 /* SceneDelegate.swift */ = {isa = PBXFileReference; lastKnownFileType = sourcecode.swift; path = SceneDelegate.swift; sourceTree = "<group>"; };
		6378C42B24167FA000470367 /* ViewController.swift */ = {isa = PBXFileReference; lastKnownFileType = sourcecode.swift; path = ViewController.swift; sourceTree = "<group>"; };
		6378C42E24167FA000470367 /* Base */ = {isa = PBXFileReference; lastKnownFileType = file.storyboard; name = Base; path = Base.lproj/Main.storyboard; sourceTree = "<group>"; };
		6378C43024167FA200470367 /* Assets.xcassets */ = {isa = PBXFileReference; lastKnownFileType = folder.assetcatalog; path = Assets.xcassets; sourceTree = "<group>"; };
		6378C43324167FA200470367 /* Base */ = {isa = PBXFileReference; lastKnownFileType = file.storyboard; name = Base; path = Base.lproj/LaunchScreen.storyboard; sourceTree = "<group>"; };
		6378C43524167FA200470367 /* Info.plist */ = {isa = PBXFileReference; lastKnownFileType = text.plist.xml; path = Info.plist; sourceTree = "<group>"; };
		6378C43F2416819900470367 /* ClassDef.swift */ = {isa = PBXFileReference; lastKnownFileType = sourcecode.swift; path = ClassDef.swift; sourceTree = "<group>"; };
		6390D85C241AB52800A4BA2E /* DetailViewController.swift */ = {isa = PBXFileReference; lastKnownFileType = sourcecode.swift; path = DetailViewController.swift; sourceTree = "<group>"; };
		6390D85E241AF99500A4BA2E /* img1.jpg */ = {isa = PBXFileReference; lastKnownFileType = image.jpeg; path = img1.jpg; sourceTree = "<group>"; };
		6390D860241AFAC000A4BA2E /* img2.jpg */ = {isa = PBXFileReference; lastKnownFileType = image.jpeg; path = img2.jpg; sourceTree = "<group>"; };
		6390D862241AFAC700A4BA2E /* img3.jpg */ = {isa = PBXFileReference; lastKnownFileType = image.jpeg; path = img3.jpg; sourceTree = "<group>"; };
		6390D864241B0E3F00A4BA2E /* img4.jpg */ = {isa = PBXFileReference; lastKnownFileType = image.jpeg; path = img4.jpg; sourceTree = "<group>"; };
		639C01792440FDCF00C867E0 /* TabBarController.swift */ = {isa = PBXFileReference; lastKnownFileType = sourcecode.swift; path = TabBarController.swift; sourceTree = "<group>"; };
		63C779362419D40700D331F7 /* EventCell.swift */ = {isa = PBXFileReference; lastKnownFileType = sourcecode.swift; path = EventCell.swift; sourceTree = "<group>"; };
		63C7793C2419DA1D00D331F7 /* TableViewController.swift */ = {isa = PBXFileReference; lastKnownFileType = sourcecode.swift; path = TableViewController.swift; sourceTree = "<group>"; };
		63F0492A2418096F00712B85 /* Utility.swift */ = {isa = PBXFileReference; lastKnownFileType = sourcecode.swift; path = Utility.swift; sourceTree = "<group>"; };
		63F0492C24180CFE00712B85 /* Registration.swift */ = {isa = PBXFileReference; lastKnownFileType = sourcecode.swift; path = Registration.swift; sourceTree = "<group>"; };
		B51C0C732441403600EE6F6E /* EditViewController.swift */ = {isa = PBXFileReference; lastKnownFileType = sourcecode.swift; path = EditViewController.swift; sourceTree = "<group>"; };
		B5D84997243FED4100C7C921 /* CreateViewController.swift */ = {isa = PBXFileReference; lastKnownFileType = sourcecode.swift; path = CreateViewController.swift; sourceTree = "<group>"; };
/* End PBXFileReference section */

/* Begin PBXFrameworksBuildPhase section */
		6378C42124167FA000470367 /* Frameworks */ = {
			isa = PBXFrameworksBuildPhase;
			buildActionMask = 2147483647;
			files = (
			);
			runOnlyForDeploymentPostprocessing = 0;
		};
/* End PBXFrameworksBuildPhase section */

/* Begin PBXGroup section */
		6378C41B24167FA000470367 = {
			isa = PBXGroup;
			children = (
				6378C42624167FA000470367 /* KidsDate */,
				6378C42524167FA000470367 /* Products */,
				DDF4DC2D19CDCC65E3F5BC19 /* Pods */,
			);
			sourceTree = "<group>";
		};
		6378C42524167FA000470367 /* Products */ = {
			isa = PBXGroup;
			children = (
				6378C42424167FA000470367 /* KidsDate.app */,
			);
			name = Products;
			sourceTree = "<group>";
		};
		6378C42624167FA000470367 /* KidsDate */ = {
			isa = PBXGroup;
			children = (
				6378C43C2416804900470367 /* Model */,
				6378C42724167FA000470367 /* AppDelegate.swift */,
				6378C42924167FA000470367 /* SceneDelegate.swift */,
				6390D85E241AF99500A4BA2E /* img1.jpg */,
				6390D862241AFAC700A4BA2E /* img3.jpg */,
				6378C42B24167FA000470367 /* ViewController.swift */,
				6378C42D24167FA000470367 /* Main.storyboard */,
				6378C43024167FA200470367 /* Assets.xcassets */,
				6378C43224167FA200470367 /* LaunchScreen.storyboard */,
				6390D864241B0E3F00A4BA2E /* img4.jpg */,
				6378C43524167FA200470367 /* Info.plist */,
				6329E6312416D11E00637A3A /* MainMenu.swift */,
				6390D860241AFAC000A4BA2E /* img2.jpg */,
				63F0492A2418096F00712B85 /* Utility.swift */,
				63F0492C24180CFE00712B85 /* Registration.swift */,
				63C779362419D40700D331F7 /* EventCell.swift */,
				63C7793C2419DA1D00D331F7 /* TableViewController.swift */,
				6390D85C241AB52800A4BA2E /* DetailViewController.swift */,
				B5D84997243FED4100C7C921 /* CreateViewController.swift */,
				639C01792440FDCF00C867E0 /* TabBarController.swift */,
				B51C0C732441403600EE6F6E /* EditViewController.swift */,
			);
			path = KidsDate;
			sourceTree = "<group>";
		};
		6378C43C2416804900470367 /* Model */ = {
			isa = PBXGroup;
			children = (
				6378C43F2416819900470367 /* ClassDef.swift */,
			);
			path = Model;
			sourceTree = "<group>";
		};
		DDF4DC2D19CDCC65E3F5BC19 /* Pods */ = {
			isa = PBXGroup;
			children = (
			);
			path = Pods;
			sourceTree = "<group>";
		};
/* End PBXGroup section */

/* Begin PBXNativeTarget section */
		6378C42324167FA000470367 /* KidsDate */ = {
			isa = PBXNativeTarget;
			buildConfigurationList = 6378C43824167FA200470367 /* Build configuration list for PBXNativeTarget "KidsDate" */;
			buildPhases = (
				6378C42024167FA000470367 /* Sources */,
				6378C42124167FA000470367 /* Frameworks */,
				6378C42224167FA000470367 /* Resources */,
			);
			buildRules = (
			);
			dependencies = (
			);
			name = KidsDate;
			productName = KidsDate;
			productReference = 6378C42424167FA000470367 /* KidsDate.app */;
			productType = "com.apple.product-type.application";
		};
/* End PBXNativeTarget section */

/* Begin PBXProject section */
		6378C41C24167FA000470367 /* Project object */ = {
			isa = PBXProject;
			attributes = {
				KnownAssetTags = (
					101,
				);
				LastSwiftUpdateCheck = 1130;
				LastUpgradeCheck = 1130;
				ORGANIZATIONNAME = David;
				TargetAttributes = {
					6378C42324167FA000470367 = {
						CreatedOnToolsVersion = 11.3.1;
					};
				};
			};
			buildConfigurationList = 6378C41F24167FA000470367 /* Build configuration list for PBXProject "KidsDate" */;
			compatibilityVersion = "Xcode 9.3";
			developmentRegion = en;
			hasScannedForEncodings = 0;
			knownRegions = (
				en,
				Base,
			);
			mainGroup = 6378C41B24167FA000470367;
			productRefGroup = 6378C42524167FA000470367 /* Products */;
			projectDirPath = "";
			projectRoot = "";
			targets = (
				6378C42324167FA000470367 /* KidsDate */,
			);
		};
/* End PBXProject section */

/* Begin PBXResourcesBuildPhase section */
		6378C42224167FA000470367 /* Resources */ = {
			isa = PBXResourcesBuildPhase;
			buildActionMask = 2147483647;
			files = (
				6390D865241B0E3F00A4BA2E /* img4.jpg in Resources */,
				6378C43424167FA200470367 /* LaunchScreen.storyboard in Resources */,
				6390D85F241AF99500A4BA2E /* img1.jpg in Resources */,
				6390D863241AFAC700A4BA2E /* img3.jpg in Resources */,
				6378C43124167FA200470367 /* Assets.xcassets in Resources */,
				6390D861241AFAC000A4BA2E /* img2.jpg in Resources */,
				6378C42F24167FA000470367 /* Main.storyboard in Resources */,
			);
			runOnlyForDeploymentPostprocessing = 0;
		};
/* End PBXResourcesBuildPhase section */

/* Begin PBXSourcesBuildPhase section */
		6378C42024167FA000470367 /* Sources */ = {
			isa = PBXSourcesBuildPhase;
			buildActionMask = 2147483647;
			files = (
				B51C0C742441403600EE6F6E /* EditViewController.swift in Sources */,
				B5D84998243FED4100C7C921 /* CreateViewController.swift in Sources */,
				6390D85D241AB52800A4BA2E /* DetailViewController.swift in Sources */,
				6329E6322416D11E00637A3A /* MainMenu.swift in Sources */,
				63C779372419D40700D331F7 /* EventCell.swift in Sources */,
				6378C42C24167FA000470367 /* ViewController.swift in Sources */,
				63C7793D2419DA1D00D331F7 /* TableViewController.swift in Sources */,
				63F0492D24180CFE00712B85 /* Registration.swift in Sources */,
				63F0492B2418096F00712B85 /* Utility.swift in Sources */,
				6378C42824167FA000470367 /* AppDelegate.swift in Sources */,
				639C017A2440FDCF00C867E0 /* TabBarController.swift in Sources */,
				6378C4402416819900470367 /* ClassDef.swift in Sources */,
				6378C42A24167FA000470367 /* SceneDelegate.swift in Sources */,
			);
			runOnlyForDeploymentPostprocessing = 0;
		};
/* End PBXSourcesBuildPhase section */

/* Begin PBXVariantGroup section */
		6378C42D24167FA000470367 /* Main.storyboard */ = {
			isa = PBXVariantGroup;
			children = (
				6378C42E24167FA000470367 /* Base */,
			);
			name = Main.storyboard;
			sourceTree = "<group>";
		};
		6378C43224167FA200470367 /* LaunchScreen.storyboard */ = {
			isa = PBXVariantGroup;
			children = (
				6378C43324167FA200470367 /* Base */,
			);
			name = LaunchScreen.storyboard;
			sourceTree = "<group>";
		};
/* End PBXVariantGroup section */

/* Begin XCBuildConfiguration section */
		6378C43624167FA200470367 /* Debug */ = {
			isa = XCBuildConfiguration;
			buildSettings = {
				ALWAYS_SEARCH_USER_PATHS = NO;
				CLANG_ANALYZER_NONNULL = YES;
				CLANG_ANALYZER_NUMBER_OBJECT_CONVERSION = YES_AGGRESSIVE;
				CLANG_CXX_LANGUAGE_STANDARD = "gnu++14";
				CLANG_CXX_LIBRARY = "libc++";
				CLANG_ENABLE_MODULES = YES;
				CLANG_ENABLE_OBJC_ARC = YES;
				CLANG_ENABLE_OBJC_WEAK = YES;
				CLANG_WARN_BLOCK_CAPTURE_AUTORELEASING = YES;
				CLANG_WARN_BOOL_CONVERSION = YES;
				CLANG_WARN_COMMA = YES;
				CLANG_WARN_CONSTANT_CONVERSION = YES;
				CLANG_WARN_DEPRECATED_OBJC_IMPLEMENTATIONS = YES;
				CLANG_WARN_DIRECT_OBJC_ISA_USAGE = YES_ERROR;
				CLANG_WARN_DOCUMENTATION_COMMENTS = YES;
				CLANG_WARN_EMPTY_BODY = YES;
				CLANG_WARN_ENUM_CONVERSION = YES;
				CLANG_WARN_INFINITE_RECURSION = YES;
				CLANG_WARN_INT_CONVERSION = YES;
				CLANG_WARN_NON_LITERAL_NULL_CONVERSION = YES;
				CLANG_WARN_OBJC_IMPLICIT_RETAIN_SELF = YES;
				CLANG_WARN_OBJC_LITERAL_CONVERSION = YES;
				CLANG_WARN_OBJC_ROOT_CLASS = YES_ERROR;
				CLANG_WARN_RANGE_LOOP_ANALYSIS = YES;
				CLANG_WARN_STRICT_PROTOTYPES = YES;
				CLANG_WARN_SUSPICIOUS_MOVE = YES;
				CLANG_WARN_UNGUARDED_AVAILABILITY = YES_AGGRESSIVE;
				CLANG_WARN_UNREACHABLE_CODE = YES;
				CLANG_WARN__DUPLICATE_METHOD_MATCH = YES;
				COPY_PHASE_STRIP = NO;
				DEBUG_INFORMATION_FORMAT = dwarf;
				ENABLE_STRICT_OBJC_MSGSEND = YES;
				ENABLE_TESTABILITY = YES;
				GCC_C_LANGUAGE_STANDARD = gnu11;
				GCC_DYNAMIC_NO_PIC = NO;
				GCC_NO_COMMON_BLOCKS = YES;
				GCC_OPTIMIZATION_LEVEL = 0;
				GCC_PREPROCESSOR_DEFINITIONS = (
					"DEBUG=1",
					"$(inherited)",
				);
				GCC_WARN_64_TO_32_BIT_CONVERSION = YES;
				GCC_WARN_ABOUT_RETURN_TYPE = YES_ERROR;
				GCC_WARN_UNDECLARED_SELECTOR = YES;
				GCC_WARN_UNINITIALIZED_AUTOS = YES_AGGRESSIVE;
				GCC_WARN_UNUSED_FUNCTION = YES;
				GCC_WARN_UNUSED_VARIABLE = YES;
				IPHONEOS_DEPLOYMENT_TARGET = 13.2;
				MTL_ENABLE_DEBUG_INFO = INCLUDE_SOURCE;
				MTL_FAST_MATH = YES;
				ONLY_ACTIVE_ARCH = YES;
				SDKROOT = iphoneos;
				SWIFT_ACTIVE_COMPILATION_CONDITIONS = DEBUG;
				SWIFT_OPTIMIZATION_LEVEL = "-Onone";
			};
			name = Debug;
		};
		6378C43724167FA200470367 /* Release */ = {
			isa = XCBuildConfiguration;
			buildSettings = {
				ALWAYS_SEARCH_USER_PATHS = NO;
				CLANG_ANALYZER_NONNULL = YES;
				CLANG_ANALYZER_NUMBER_OBJECT_CONVERSION = YES_AGGRESSIVE;
				CLANG_CXX_LANGUAGE_STANDARD = "gnu++14";
				CLANG_CXX_LIBRARY = "libc++";
				CLANG_ENABLE_MODULES = YES;
				CLANG_ENABLE_OBJC_ARC = YES;
				CLANG_ENABLE_OBJC_WEAK = YES;
				CLANG_WARN_BLOCK_CAPTURE_AUTORELEASING = YES;
				CLANG_WARN_BOOL_CONVERSION = YES;
				CLANG_WARN_COMMA = YES;
				CLANG_WARN_CONSTANT_CONVERSION = YES;
				CLANG_WARN_DEPRECATED_OBJC_IMPLEMENTATIONS = YES;
				CLANG_WARN_DIRECT_OBJC_ISA_USAGE = YES_ERROR;
				CLANG_WARN_DOCUMENTATION_COMMENTS = YES;
				CLANG_WARN_EMPTY_BODY = YES;
				CLANG_WARN_ENUM_CONVERSION = YES;
				CLANG_WARN_INFINITE_RECURSION = YES;
				CLANG_WARN_INT_CONVERSION = YES;
				CLANG_WARN_NON_LITERAL_NULL_CONVERSION = YES;
				CLANG_WARN_OBJC_IMPLICIT_RETAIN_SELF = YES;
				CLANG_WARN_OBJC_LITERAL_CONVERSION = YES;
				CLANG_WARN_OBJC_ROOT_CLASS = YES_ERROR;
				CLANG_WARN_RANGE_LOOP_ANALYSIS = YES;
				CLANG_WARN_STRICT_PROTOTYPES = YES;
				CLANG_WARN_SUSPICIOUS_MOVE = YES;
				CLANG_WARN_UNGUARDED_AVAILABILITY = YES_AGGRESSIVE;
				CLANG_WARN_UNREACHABLE_CODE = YES;
				CLANG_WARN__DUPLICATE_METHOD_MATCH = YES;
				COPY_PHASE_STRIP = NO;
				DEBUG_INFORMATION_FORMAT = "dwarf-with-dsym";
				ENABLE_NS_ASSERTIONS = NO;
				ENABLE_STRICT_OBJC_MSGSEND = YES;
				GCC_C_LANGUAGE_STANDARD = gnu11;
				GCC_NO_COMMON_BLOCKS = YES;
				GCC_WARN_64_TO_32_BIT_CONVERSION = YES;
				GCC_WARN_ABOUT_RETURN_TYPE = YES_ERROR;
				GCC_WARN_UNDECLARED_SELECTOR = YES;
				GCC_WARN_UNINITIALIZED_AUTOS = YES_AGGRESSIVE;
				GCC_WARN_UNUSED_FUNCTION = YES;
				GCC_WARN_UNUSED_VARIABLE = YES;
				IPHONEOS_DEPLOYMENT_TARGET = 13.2;
				MTL_ENABLE_DEBUG_INFO = NO;
				MTL_FAST_MATH = YES;
				SDKROOT = iphoneos;
				SWIFT_COMPILATION_MODE = wholemodule;
				SWIFT_OPTIMIZATION_LEVEL = "-O";
				VALIDATE_PRODUCT = YES;
			};
			name = Release;
		};
		6378C43924167FA200470367 /* Debug */ = {
			isa = XCBuildConfiguration;
			buildSettings = {
				ASSETCATALOG_COMPILER_APPICON_NAME = AppIcon;
				CODE_SIGN_STYLE = Automatic;
				FRAMEWORK_SEARCH_PATHS = (
					"$(inherited)",
					"$(PROJECT_DIR)/KidsDate",
				);
				INFOPLIST_FILE = KidsDate/Info.plist;
				LD_RUNPATH_SEARCH_PATHS = (
					"$(inherited)",
					"@executable_path/Frameworks",
				);
				PRODUCT_BUNDLE_IDENTIFIER = com.david.KidsDate;
				PRODUCT_NAME = "$(TARGET_NAME)";
				SWIFT_VERSION = 5.0;
				TARGETED_DEVICE_FAMILY = "1,2";
			};
			name = Debug;
		};
		6378C43A24167FA200470367 /* Release */ = {
			isa = XCBuildConfiguration;
			buildSettings = {
				ASSETCATALOG_COMPILER_APPICON_NAME = AppIcon;
				CODE_SIGN_STYLE = Automatic;
				FRAMEWORK_SEARCH_PATHS = (
					"$(inherited)",
					"$(PROJECT_DIR)/KidsDate",
				);
				INFOPLIST_FILE = KidsDate/Info.plist;
				LD_RUNPATH_SEARCH_PATHS = (
					"$(inherited)",
					"@executable_path/Frameworks",
				);
				PRODUCT_BUNDLE_IDENTIFIER = com.david.KidsDate;
				PRODUCT_NAME = "$(TARGET_NAME)";
				SWIFT_VERSION = 5.0;
				TARGETED_DEVICE_FAMILY = "1,2";
			};
			name = Release;
		};
/* End XCBuildConfiguration section */

/* Begin XCConfigurationList section */
		6378C41F24167FA000470367 /* Build configuration list for PBXProject "KidsDate" */ = {
			isa = XCConfigurationList;
			buildConfigurations = (
				6378C43624167FA200470367 /* Debug */,
				6378C43724167FA200470367 /* Release */,
			);
			defaultConfigurationIsVisible = 0;
			defaultConfigurationName = Release;
		};
		6378C43824167FA200470367 /* Build configuration list for PBXNativeTarget "KidsDate" */ = {
			isa = XCConfigurationList;
			buildConfigurations = (
				6378C43924167FA200470367 /* Debug */,
				6378C43A24167FA200470367 /* Release */,
			);
			defaultConfigurationIsVisible = 0;
			defaultConfigurationName = Release;
		};
/* End XCConfigurationList section */
	};
	rootObject = 6378C41C24167FA000470367 /* Project object */;
}
